# THIS IS AN AUTOGENERATED FILE. DO NOT EDIT THIS FILE DIRECTLY.
# yarn lockfile v1


bs-platform@^7.1.0:
  version "7.2.2"
  resolved "https://registry.yarnpkg.com/bs-platform/-/bs-platform-7.2.2.tgz#76fdc63e4889458ae3d257a0132107a792f2309c"
  integrity sha512-PWcFfN+jCTtT/rMaHDhKh+W9RUTpaRunmSF9vbLYcrJbpgCNW6aFKAY33u0P3mLxwuhshN3b4FxqGUBPj6exZQ==

"reason-react@git://github.com/reasonml/reason-react.git#master":
  version "0.8.0-dev.4"
  resolved "git://github.com/reasonml/reason-react.git#9fcd6f2706a28aefcb919cbc1223a5eece3882c1"
