# THIS IS AN AUTOGENERATED FILE. DO NOT EDIT THIS FILE DIRECTLY.
# yarn lockfile v1


bs-platform-native@^0.0.6:
  version "0.0.6"
  resolved "https://registry.yarnpkg.com/bs-platform-native/-/bs-platform-native-0.0.6.tgz#9f7e403a61429769aef5be9537ec977a1719cc1f"
  integrity sha512-k2o1HzRTgcAtIzwu/RkPKwTQmvROvc31kxJU4ELryr1vgiqaxp0Dx6iKwmM8v4fn7VurXUkLcffi/3rrASryDw==

bsb-native@5.0.0:
  version "5.0.0"
  resolved "https://registry.yarnpkg.com/bsb-native/-/bsb-native-5.0.0.tgz#f980df9f2b02c738f11e2d5948094c15ef7345cf"
  integrity sha512-lB7s/Ulpv5Qu51S95sPaYIfpaMOuiS0wl372pDr7/5ARdB5TF8D6gujSdWJl0mEkpMxaAP+Iyljq4TGpjg7WgQ==
  dependencies:
    bs-platform-native "^0.0.6"
